
Microsoft Visual Studio Solution File, Format Version 12.00
# Visual Studio Version 17
VisualStudioVersion = 17.5.002.0
MinimumVisualStudioVersion = 10.0.40219.1
Project("{9A19103F-16F7-4668-BE54-9A1E7A4F7556}") = "json", "json\json.csproj", "{096A2554-8F35-47A9-A404-133182989E76}"
EndProject
Global
	GlobalSection(SolutionConfigurationPlatforms) = preSolution
		Debug|Any CPU = Debug|Any CPU
		Release|Any CPU = Release|Any CPU
	EndGlobalSection
	GlobalSection(ProjectConfigurationPlatforms) = postSolution
		{096A2554-8F35-47A9-A404-133182989E76}.Debug|Any CPU.ActiveCfg = Debug|Any CPU
		{096A2554-8F35-47A9-A404-133182989E76}.Debug|Any CPU.Build.0 = Debug|Any CPU
		{096A2554-8F35-47A9-A404-133182989E76}.Release|Any CPU.ActiveCfg = Release|Any CPU
		{096A2554-8F35-47A9-A404-133182989E76}.Release|Any CPU.Build.0 = Release|Any CPU
	EndGlobalSection
	GlobalSection(SolutionProperties) = preSolution
		HideSolutionNode = FALSE
	EndGlobalSection
	GlobalSection(ExtensibilityGlobals) = postSolution
		SolutionGuid = {BC366FB4-5DB6-45E3-B6E5-1F12EF4C8787}
	EndGlobalSection
EndGlobal
